# THIS IS AN AUTOGENERATED FILE. DO NOT EDIT THIS FILE DIRECTLY.
# yarn lockfile v1


async-limiter@~1.0.0:
  version "1.0.0"
  resolved "https://registry.yarnpkg.com/async-limiter/-/async-limiter-1.0.0.tgz#78faed8c3d074ab81f22b4e985d79e8738f720f8"

asynckit@^0.4.0:
  version "0.4.0"
  resolved "https://registry.yarnpkg.com/asynckit/-/asynckit-0.4.0.tgz#c79ed97f7f34cb8f2ba1bc9790bcc366474b4b79"

combined-stream@1.0.6:
  version "1.0.6"
  resolved "https://registry.yarnpkg.com/combined-stream/-/combined-stream-1.0.6.tgz#723e7df6e801ac5613113a7e445a9b69cb632818"
  dependencies:
    delayed-stream "~1.0.0"

delayed-stream@~1.0.0:
  version "1.0.0"
  resolved "https://registry.yarnpkg.com/delayed-stream/-/delayed-stream-1.0.0.tgz#df3ae199acadfb7d440aaae0b29e2272b24ec619"

"discord.js@github:discordjs/discord.js":
  version "12.0.0-dev"
  resolved "https://codeload.github.com/discordjs/discord.js/tar.gz/f75b80d96b1f2594fd68d6eaf560d423078668c3"
  dependencies:
    form-data "^2.3.2"
    node-fetch "^2.1.2"
    pako "^1.0.0"
    prism-media amishshah/prism-media
    tweetnacl "^1.0.0"
    ws "^6.0.0"

dotenv@6.0.0:
  version "6.0.0"
  resolved "https://registry.yarnpkg.com/dotenv/-/dotenv-6.0.0.tgz#24e37c041741c5f4b25324958ebbc34bca965935"

form-data@^2.3.2:
  version "2.3.2"
  resolved "https://registry.yarnpkg.com/form-data/-/form-data-2.3.2.tgz#4970498be604c20c005d4f5c23aecd21d6b49099"
  dependencies:
    asynckit "^0.4.0"
    combined-stream "1.0.6"
    mime-types "^2.1.12"

mime-db@~1.36.0:
  version "1.36.0"
  resolved "https://registry.yarnpkg.com/mime-db/-/mime-db-1.36.0.tgz#5020478db3c7fe93aad7bbcc4dcf869c43363397"

mime-types@^2.1.12:
  version "2.1.20"
  resolved "https://registry.yarnpkg.com/mime-types/-/mime-types-2.1.20.tgz#930cb719d571e903738520f8470911548ca2cc19"
  dependencies:
    mime-db "~1.36.0"

node-fetch@^2.1.2:
  version "2.2.0"
  resolved "https://registry.yarnpkg.com/node-fetch/-/node-fetch-2.2.0.tgz#4ee79bde909262f9775f731e3656d0db55ced5b5"

pako@^1.0.0:
  version "1.0.6"
  resolved "https://registry.yarnpkg.com/pako/-/pako-1.0.6.tgz#0101211baa70c4bca4a0f63f2206e97b7dfaf258"

prism-media@amishshah/prism-media:
  version "0.3.1"
  resolved "https://codeload.github.com/amishshah/prism-media/tar.gz/7146426e462bf91b39053de4cf8b78c72490cd54"

tweetnacl@^1.0.0:
  version "1.0.0"
  resolved "https://registry.yarnpkg.com/tweetnacl/-/tweetnacl-1.0.0.tgz#713d8b818da42068740bf68386d0479e66fc8a7b"

ws@^6.0.0:
  version "6.0.0"
  resolved "https://registry.yarnpkg.com/ws/-/ws-6.0.0.tgz#eaa494aded00ac4289d455bac8d84c7c651cef35"
  dependencies:
    async-limiter "~1.0.0"
